github.com/corvus-ch/genericr v0.2.1-0.20201204161421-befbf19e2e33 h1:apmGm+ZEnMPP3kpJyXOel6trpGj4Itb+Kzii6h4n+gc=
github.com/corvus-ch/genericr v0.2.1-0.20201204161421-befbf19e2e33/go.mod h1:I+Dk5IWkJB1eAc/qh3Ry/zIp5TvkrTp+OYbhhjclYr8=
github.com/go-logr/logr v0.2.0/go.mod h1:z6/tIYblkpsD+a4lm/fGIIU9mZ+XfAiaFtq7xTgseGU=
github.com/go-logr/logr v0.3.0 h1:q4c+kbcR0d5rSurhBR8dIgieOaYpXtsdTYfx22Cu6rs=
github.com/go-logr/logr v0.3.0/go.mod h1:z6/tIYblkpsD+a4lm/fGIIU9mZ+XfAiaFtq7xTgseGU=
golang.org/x/sys v0.0.0-20191026070338-33540a1f6037 h1:YyJpGZS1sBuBCzLAR1VEpK193GlqGZbnPFnPV/5Rsb4=
golang.org/x/sys v0.0.0-20191026070338-33540a1f6037/go.mod h1:h1NjWce9XRLGQEsW7wpKNCjG9DtNlClVuFLEZdDNbEs=
golang.org/x/term v0.0.0-20201117132131-f5c789dd3221 h1:/ZHdbVpdR/jk3g30/d4yUL0JU9kksj8+F/bnQUVLGDM=
golang.org/x/term v0.0.0-20201117132131-f5c789dd3221/go.mod h1:Nr5EML6q2oocZ2LXRh80K7BxOlk5/8JxuGnuhpl+muw=
